
Microsoft Visual Studio Solution File, Format Version 12.00
# Visual Studio Version 17
VisualStudioVersion = 17.4.33205.214
MinimumVisualStudioVersion = 10.0.40219.1
Project("{FAE04EC0-301F-11D3-BF4B-00C04F79EFBC}") = "Bilgi_Yarismasi", "Bilgi_Yarismasi\Bilgi_Yarismasi.csproj", "{3C5102B5-D064-42B7-9A9D-919F6C9A6E1D}"
EndProject
Global
	GlobalSection(SolutionConfigurationPlatforms) = preSolution
		Debug|Any CPU = Debug|Any CPU
		Release|Any CPU = Release|Any CPU
	EndGlobalSection
	GlobalSection(ProjectConfigurationPlatforms) = postSolution
		{3C5102B5-D064-42B7-9A9D-919F6C9A6E1D}.Debug|Any CPU.ActiveCfg = Debug|Any CPU
		{3C5102B5-D064-42B7-9A9D-919F6C9A6E1D}.Debug|Any CPU.Build.0 = Debug|Any CPU
		{3C5102B5-D064-42B7-9A9D-919F6C9A6E1D}.Release|Any CPU.ActiveCfg = Release|Any CPU
		{3C5102B5-D064-42B7-9A9D-919F6C9A6E1D}.Release|Any CPU.Build.0 = Release|Any CPU
	EndGlobalSection
	GlobalSection(SolutionProperties) = preSolution
		HideSolutionNode = FALSE
	EndGlobalSection
	GlobalSection(ExtensibilityGlobals) = postSolution
		SolutionGuid = {A02E996A-851A-4AC6-91EC-9FD958282510}
	EndGlobalSection
EndGlobal
